
Microsoft Visual Studio Solution File, Format Version 11.00
# Visual Studio 2010
Project("{FAE04EC0-301F-11D3-BF4B-00C04F79EFBC}") = "E-Money Nominas", "E-Money Nominas\E-Money Nominas.csproj", "{9E1EB64C-8C87-41AD-9C4F-FE4F5EF9F671}"
EndProject
Global
	GlobalSection(SolutionConfigurationPlatforms) = preSolution
		Debug|x86 = Debug|x86
		Release|x86 = Release|x86
	EndGlobalSection
	GlobalSection(ProjectConfigurationPlatforms) = postSolution
		{9E1EB64C-8C87-41AD-9C4F-FE4F5EF9F671}.Debug|x86.ActiveCfg = Debug|x86
		{9E1EB64C-8C87-41AD-9C4F-FE4F5EF9F671}.Debug|x86.Build.0 = Debug|x86
		{9E1EB64C-8C87-41AD-9C4F-FE4F5EF9F671}.Release|x86.ActiveCfg = Release|x86
		{9E1EB64C-8C87-41AD-9C4F-FE4F5EF9F671}.Release|x86.Build.0 = Release|x86
	EndGlobalSection
	GlobalSection(SolutionProperties) = preSolution
		HideSolutionNode = FALSE
	EndGlobalSection
EndGlobal
